
Microsoft Visual Studio Solution File, Format Version 12.00
# Visual Studio Version 16
VisualStudioVersion = 16.0.30406.217
MinimumVisualStudioVersion = 10.0.40219.1
Project("{9A19103F-16F7-4668-BE54-9A1E7A4F7556}") = "FirstProgram", "FirstProgram\FirstProgram.csproj", "{0F35EAAA-90E9-4D09-93D8-B2F31C5EC89F}"
EndProject
Project("{FAE04EC0-301F-11D3-BF4B-00C04F79EFBC}") = "VariableOperatorsExpressions", "VariableOperatorsExpressions\VariableOperatorsExpressions.csproj", "{293173C2-F37D-46F7-8B9A-0AE4927CD081}"
EndProject
Project("{9A19103F-16F7-4668-BE54-9A1E7A4F7556}") = "ifStatement", "ifStatement\ifStatement.csproj", "{B3103D53-1021-44C6-9314-76BBDDD565DF}"
EndProject
Project("{9A19103F-16F7-4668-BE54-9A1E7A4F7556}") = "IfStatementExerices", "IfStatementExerices\IfStatementExerices.csproj", "{26FE1D4F-F124-47A6-80B9-8EA256C78983}"
EndProject
Project("{9A19103F-16F7-4668-BE54-9A1E7A4F7556}") = "looptutorial", "looptutorial\looptutorial.csproj", "{099ED916-298B-442D-97A2-01362C599EA1}"
EndProject
Project("{FAE04EC0-301F-11D3-BF4B-00C04F79EFBC}") = "FunctionTutorial", "FunctionTutorial\FunctionTutorial.csproj", "{A612B260-70C1-42E5-9A6E-37D42C416559}"
EndProject
Project("{FAE04EC0-301F-11D3-BF4B-00C04F79EFBC}") = "functionExercise", "functionExercise\functionExercise.csproj", "{7848AB79-6D2F-4B00-9464-BC07E0AAC211}"
EndProject
Global
	GlobalSection(SolutionConfigurationPlatforms) = preSolution
		Debug|Any CPU = Debug|Any CPU
		Release|Any CPU = Release|Any CPU
	EndGlobalSection
	GlobalSection(ProjectConfigurationPlatforms) = postSolution
		{0F35EAAA-90E9-4D09-93D8-B2F31C5EC89F}.Debug|Any CPU.ActiveCfg = Debug|Any CPU
		{0F35EAAA-90E9-4D09-93D8-B2F31C5EC89F}.Debug|Any CPU.Build.0 = Debug|Any CPU
		{0F35EAAA-90E9-4D09-93D8-B2F31C5EC89F}.Release|Any CPU.ActiveCfg = Release|Any CPU
		{0F35EAAA-90E9-4D09-93D8-B2F31C5EC89F}.Release|Any CPU.Build.0 = Release|Any CPU
		{293173C2-F37D-46F7-8B9A-0AE4927CD081}.Debug|Any CPU.ActiveCfg = Debug|Any CPU
		{293173C2-F37D-46F7-8B9A-0AE4927CD081}.Debug|Any CPU.Build.0 = Debug|Any CPU
		{293173C2-F37D-46F7-8B9A-0AE4927CD081}.Release|Any CPU.ActiveCfg = Release|Any CPU
		{293173C2-F37D-46F7-8B9A-0AE4927CD081}.Release|Any CPU.Build.0 = Release|Any CPU
		{B3103D53-1021-44C6-9314-76BBDDD565DF}.Debug|Any CPU.ActiveCfg = Debug|Any CPU
		{B3103D53-1021-44C6-9314-76BBDDD565DF}.Debug|Any CPU.Build.0 = Debug|Any CPU
		{B3103D53-1021-44C6-9314-76BBDDD565DF}.Release|Any CPU.ActiveCfg = Release|Any CPU
		{B3103D53-1021-44C6-9314-76BBDDD565DF}.Release|Any CPU.Build.0 = Release|Any CPU
		{26FE1D4F-F124-47A6-80B9-8EA256C78983}.Debug|Any CPU.ActiveCfg = Debug|Any CPU
		{26FE1D4F-F124-47A6-80B9-8EA256C78983}.Debug|Any CPU.Build.0 = Debug|Any CPU
		{26FE1D4F-F124-47A6-80B9-8EA256C78983}.Release|Any CPU.ActiveCfg = Release|Any CPU
		{26FE1D4F-F124-47A6-80B9-8EA256C78983}.Release|Any CPU.Build.0 = Release|Any CPU
		{099ED916-298B-442D-97A2-01362C599EA1}.Debug|Any CPU.ActiveCfg = Debug|Any CPU
		{099ED916-298B-442D-97A2-01362C599EA1}.Debug|Any CPU.Build.0 = Debug|Any CPU
		{099ED916-298B-442D-97A2-01362C599EA1}.Release|Any CPU.ActiveCfg = Release|Any CPU
		{099ED916-298B-442D-97A2-01362C599EA1}.Release|Any CPU.Build.0 = Release|Any CPU
		{A612B260-70C1-42E5-9A6E-37D42C416559}.Debug|Any CPU.ActiveCfg = Debug|Any CPU
		{A612B260-70C1-42E5-9A6E-37D42C416559}.Debug|Any CPU.Build.0 = Debug|Any CPU
		{A612B260-70C1-42E5-9A6E-37D42C416559}.Release|Any CPU.ActiveCfg = Release|Any CPU
		{A612B260-70C1-42E5-9A6E-37D42C416559}.Release|Any CPU.Build.0 = Release|Any CPU
		{7848AB79-6D2F-4B00-9464-BC07E0AAC211}.Debug|Any CPU.ActiveCfg = Debug|Any CPU
		{7848AB79-6D2F-4B00-9464-BC07E0AAC211}.Debug|Any CPU.Build.0 = Debug|Any CPU
		{7848AB79-6D2F-4B00-9464-BC07E0AAC211}.Release|Any CPU.ActiveCfg = Release|Any CPU
		{7848AB79-6D2F-4B00-9464-BC07E0AAC211}.Release|Any CPU.Build.0 = Release|Any CPU
	EndGlobalSection
	GlobalSection(SolutionProperties) = preSolution
		HideSolutionNode = FALSE
	EndGlobalSection
	GlobalSection(ExtensibilityGlobals) = postSolution
		SolutionGuid = {F5CF5DFA-72A6-4779-BEF1-467C6530D6B5}
	EndGlobalSection
EndGlobal
